
Microsoft Visual Studio Solution File, Format Version 12.00
# Visual Studio Version 17
VisualStudioVersion = 17.3.32929.385
MinimumVisualStudioVersion = 10.0.40219.1
Project("{FAE04EC0-301F-11D3-BF4B-00C04F79EFBC}") = "[作業03_Exec3_Extensions_Q1]21謝孟勳", "[作業03_Exec3_Extensions_Q1]21謝孟勳\[作業03_Exec3_Extensions_Q1]21謝孟勳.csproj", "{9966A8A4-42B0-4559-B536-B1B70288D684}"
EndProject
Project("{FAE04EC0-301F-11D3-BF4B-00C04F79EFBC}") = "[作業03_Exec3_Extensions_Q2]21謝孟勳", "[作業03_Exec3_Extensions_Q2]21謝孟勳\[作業03_Exec3_Extensions_Q2]21謝孟勳.csproj", "{DBBC9ACF-E583-4E3D-9D33-02AB15F3EB78}"
EndProject
Project("{FAE04EC0-301F-11D3-BF4B-00C04F79EFBC}") = "[作業03_Exec3_Extensions_Q3]21謝孟勳", "[作業03_Exec3_Extensions_Q3]21謝孟勳\[作業03_Exec3_Extensions_Q3]21謝孟勳.csproj", "{97643995-D3F2-4D04-BC06-F7466ACAFA87}"
EndProject
Global
	GlobalSection(SolutionConfigurationPlatforms) = preSolution
		Debug|Any CPU = Debug|Any CPU
		Release|Any CPU = Release|Any CPU
	EndGlobalSection
	GlobalSection(ProjectConfigurationPlatforms) = postSolution
		{9966A8A4-42B0-4559-B536-B1B70288D684}.Debug|Any CPU.ActiveCfg = Debug|Any CPU
		{9966A8A4-42B0-4559-B536-B1B70288D684}.Debug|Any CPU.Build.0 = Debug|Any CPU
		{9966A8A4-42B0-4559-B536-B1B70288D684}.Release|Any CPU.ActiveCfg = Release|Any CPU
		{9966A8A4-42B0-4559-B536-B1B70288D684}.Release|Any CPU.Build.0 = Release|Any CPU
		{DBBC9ACF-E583-4E3D-9D33-02AB15F3EB78}.Debug|Any CPU.ActiveCfg = Debug|Any CPU
		{DBBC9ACF-E583-4E3D-9D33-02AB15F3EB78}.Debug|Any CPU.Build.0 = Debug|Any CPU
		{DBBC9ACF-E583-4E3D-9D33-02AB15F3EB78}.Release|Any CPU.ActiveCfg = Release|Any CPU
		{DBBC9ACF-E583-4E3D-9D33-02AB15F3EB78}.Release|Any CPU.Build.0 = Release|Any CPU
		{97643995-D3F2-4D04-BC06-F7466ACAFA87}.Debug|Any CPU.ActiveCfg = Debug|Any CPU
		{97643995-D3F2-4D04-BC06-F7466ACAFA87}.Debug|Any CPU.Build.0 = Debug|Any CPU
		{97643995-D3F2-4D04-BC06-F7466ACAFA87}.Release|Any CPU.ActiveCfg = Release|Any CPU
		{97643995-D3F2-4D04-BC06-F7466ACAFA87}.Release|Any CPU.Build.0 = Release|Any CPU
	EndGlobalSection
	GlobalSection(SolutionProperties) = preSolution
		HideSolutionNode = FALSE
	EndGlobalSection
	GlobalSection(ExtensibilityGlobals) = postSolution
		SolutionGuid = {F40B2CC4-6634-4108-B1D5-296ED36E78D9}
	EndGlobalSection
EndGlobal
